{
  "nodes": {
    "hugo-coder": {
      "flake": false,
      "locked": {
        "lastModified": 1756465325,
        "narHash": "sha256-hYst/Y2BnuZvYd6TX35YhQz3JzhD5jXD5FXp30+/QPw=",
        "owner": "luizdepra",
        "repo": "hugo-coder",
        "rev": "cb13ec4671611990420f29321c4430e928a67518",
        "type": "github"
      },
      "original": {
        "owner": "luizdepra",
        "repo": "hugo-coder",
        "type": "github"
      }
    },
    "hugo-notice": {
      "flake": false,
      "locked": {
        "lastModified": 1742478930,
        "narHash": "sha256-x4A5FwuZDyXrMmjnzUA+UNVCzje/YXHLQEqToQIHq3U=",
        "owner": "martignoni",
        "repo": "hugo-notice",
        "rev": "d7e24b0222d4d3fd35ebdc39705b7413435e0762",
        "type": "github"
      },
      "original": {
        "owner": "martignoni",
        "repo": "hugo-notice",
        "type": "github"
      }
    },
    "nixpkgs": {
      "locked": {
        "lastModified": 1761930549,
        "narHash": "sha256-BV8wEsyg27aM/iqjguAIWqHXcqyoJSBR+i+WH266LQQ=",
        "owner": "NixOS",
        "repo": "nixpkgs",
        "rev": "07c74f260ffb2f66a6f2a16d8bc5421cd5f31d98",
        "type": "github"
      },
      "original": {
        "owner": "NixOS",
        "repo": "nixpkgs",
        "type": "github"
      }
    },
    "root": {
      "inputs": {
        "hugo-coder": "hugo-coder",
        "hugo-notice": "hugo-notice",
        "nixpkgs": "nixpkgs",
        "utils": "utils"
      }
    },
    "systems": {
      "locked": {
        "lastModified": 1681028828,
        "narHash": "sha256-Vy1rq5AaRuLzOxct8nz4T6wlgyUR7zLU309k9mBC768=",
        "owner": "nix-systems",
        "repo": "default",
        "rev": "da67096a3b9bf56a91d16901293e51ba5b49a27e",
        "type": "github"
      },
      "original": {
        "owner": "nix-systems",
        "repo": "default",
        "type": "github"
      }
    },
    "utils": {
      "inputs": {
        "systems": "systems"
      },
      "locked": {
        "lastModified": 1731533236,
        "narHash": "sha256-l0KFg5HjrsfsO/JpG+r7fRrqm12kzFHyUHqHCVpMMbI=",
        "owner": "numtide",
        "repo": "flake-utils",
        "rev": "11707dc2f618dd54ca8739b309ec4fc024de578b",
        "type": "github"
      },
      "original": {
        "owner": "numtide",
        "repo": "flake-utils",
        "type": "github"
      }
    }
  },
  "root": "root",
  "version": 7
}
