{
  "nodes": {
    "hugo-coder": {
      "flake": false,
      "locked": {
        "lastModified": 1772713965,
        "narHash": "sha256-9losarcVs6pqkdvnRfkg5Ef5G25ZT3ymX4bAQL7QT4o=",
        "owner": "luizdepra",
        "repo": "hugo-coder",
        "rev": "3d3bbd75d7bb46a4670af89442cf0b961440bd4e",
        "type": "github"
      },
      "original": {
        "owner": "luizdepra",
        "repo": "hugo-coder",
        "type": "github"
      }
    },
    "hugo-notice": {
      "flake": false,
      "locked": {
        "lastModified": 1768510945,
        "narHash": "sha256-UlCr/+RYJOPsa+EDr+h8Bkv9j+jFVC2Lneg+jL1q4vY=",
        "owner": "martignoni",
        "repo": "hugo-notice",
        "rev": "7d311565755215e2d3bab57938bdbcf1194f11e4",
        "type": "github"
      },
      "original": {
        "owner": "martignoni",
        "repo": "hugo-notice",
        "type": "github"
      }
    },
    "nixpkgs": {
      "locked": {
        "lastModified": 1775970433,
        "narHash": "sha256-SP25odRdI4F7BDHceZM5TXpX25+xLNbMIUFLGLOfiJg=",
        "owner": "NixOS",
        "repo": "nixpkgs",
        "rev": "db956dffb8f312fcb78a24509b4944d040b575f5",
        "type": "github"
      },
      "original": {
        "owner": "NixOS",
        "repo": "nixpkgs",
        "type": "github"
      }
    },
    "root": {
      "inputs": {
        "hugo-coder": "hugo-coder",
        "hugo-notice": "hugo-notice",
        "nixpkgs": "nixpkgs",
        "utils": "utils"
      }
    },
    "systems": {
      "locked": {
        "lastModified": 1681028828,
        "narHash": "sha256-Vy1rq5AaRuLzOxct8nz4T6wlgyUR7zLU309k9mBC768=",
        "owner": "nix-systems",
        "repo": "default",
        "rev": "da67096a3b9bf56a91d16901293e51ba5b49a27e",
        "type": "github"
      },
      "original": {
        "owner": "nix-systems",
        "repo": "default",
        "type": "github"
      }
    },
    "utils": {
      "inputs": {
        "systems": "systems"
      },
      "locked": {
        "lastModified": 1731533236,
        "narHash": "sha256-l0KFg5HjrsfsO/JpG+r7fRrqm12kzFHyUHqHCVpMMbI=",
        "owner": "numtide",
        "repo": "flake-utils",
        "rev": "11707dc2f618dd54ca8739b309ec4fc024de578b",
        "type": "github"
      },
      "original": {
        "owner": "numtide",
        "repo": "flake-utils",
        "type": "github"
      }
    }
  },
  "root": "root",
  "version": 7
}
